
Microsoft Visual Studio Solution File, Format Version 12.00
# Visual Studio Version 17
VisualStudioVersion = 17.4.33205.214
MinimumVisualStudioVersion = 10.0.40219.1
Project("{9A19103F-16F7-4668-BE54-9A1E7A4F7556}") = "TodoApi", "TodoApi\TodoApi.csproj", "{CCE2D302-A65C-44FC-83BF-D4D913390903}"
EndProject
Project("{FAE04EC0-301F-11D3-BF4B-00C04F79EFBC}") = "WebsiteTodo", "WebsiteTodo\WebsiteTodo.csproj", "{6B75006B-90AF-4213-9F3F-39206C855C65}"
EndProject
Global
	GlobalSection(SolutionConfigurationPlatforms) = preSolution
		Debug|Any CPU = Debug|Any CPU
		Release|Any CPU = Release|Any CPU
	EndGlobalSection
	GlobalSection(ProjectConfigurationPlatforms) = postSolution
		{CCE2D302-A65C-44FC-83BF-D4D913390903}.Debug|Any CPU.ActiveCfg = Debug|Any CPU
		{CCE2D302-A65C-44FC-83BF-D4D913390903}.Debug|Any CPU.Build.0 = Debug|Any CPU
		{CCE2D302-A65C-44FC-83BF-D4D913390903}.Release|Any CPU.ActiveCfg = Release|Any CPU
		{CCE2D302-A65C-44FC-83BF-D4D913390903}.Release|Any CPU.Build.0 = Release|Any CPU
		{6B75006B-90AF-4213-9F3F-39206C855C65}.Debug|Any CPU.ActiveCfg = Debug|Any CPU
		{6B75006B-90AF-4213-9F3F-39206C855C65}.Debug|Any CPU.Build.0 = Debug|Any CPU
		{6B75006B-90AF-4213-9F3F-39206C855C65}.Release|Any CPU.ActiveCfg = Release|Any CPU
		{6B75006B-90AF-4213-9F3F-39206C855C65}.Release|Any CPU.Build.0 = Release|Any CPU
	EndGlobalSection
	GlobalSection(SolutionProperties) = preSolution
		HideSolutionNode = FALSE
	EndGlobalSection
	GlobalSection(ExtensibilityGlobals) = postSolution
		SolutionGuid = {9CA06876-E87F-4061-8790-2A513DC4480F}
	EndGlobalSection
EndGlobal
